
Microsoft Visual Studio Solution File, Format Version 12.00
# Visual Studio Version 16
VisualStudioVersion = 16.0.31911.196
MinimumVisualStudioVersion = 10.0.40219.1
Project("{9A19103F-16F7-4668-BE54-9A1E7A4F7556}") = "ProjetFinal.Azemat", "ProjetFinal.Azemat.csproj", "{4200CD4A-9B98-4FA5-8715-A721FB8E6CC9}"
EndProject
Global
	GlobalSection(SolutionConfigurationPlatforms) = preSolution
		Debug|Any CPU = Debug|Any CPU
		Release|Any CPU = Release|Any CPU
	EndGlobalSection
	GlobalSection(ProjectConfigurationPlatforms) = postSolution
		{4200CD4A-9B98-4FA5-8715-A721FB8E6CC9}.Debug|Any CPU.ActiveCfg = Debug|Any CPU
		{4200CD4A-9B98-4FA5-8715-A721FB8E6CC9}.Debug|Any CPU.Build.0 = Debug|Any CPU
		{4200CD4A-9B98-4FA5-8715-A721FB8E6CC9}.Release|Any CPU.ActiveCfg = Release|Any CPU
		{4200CD4A-9B98-4FA5-8715-A721FB8E6CC9}.Release|Any CPU.Build.0 = Release|Any CPU
	EndGlobalSection
	GlobalSection(SolutionProperties) = preSolution
		HideSolutionNode = FALSE
	EndGlobalSection
	GlobalSection(ExtensibilityGlobals) = postSolution
		SolutionGuid = {CAD0C96B-D8CA-4662-906A-6F05A5BF9C67}
	EndGlobalSection
EndGlobal
